<?xml version="1.0" encoding="utf-8"?>
<Project ToolsVersion="4.0" xmlns="http://schemas.microsoft.com/developer/msbuild/2003">
  <ItemGroup>
    <Filter Include="Source Files">
      <UniqueIdentifier>{4FC737F1-C7A5-4376-A066-2A32D752A2FF}</UniqueIdentifier>
      <Extensions>cpp;c;cc;cxx;def;odl;idl;hpj;bat;asm;asmx</Extensions>
    </Filter>
    <Filter Include="Header Files">
      <UniqueIdentifier>{93995380-89BD-4b04-88EB-625FBE52EBFB}</UniqueIdentifier>
      <Extensions>h;hh;hpp;hxx;hm;inl;inc;ipp;xsd</Extensions>
    </Filter>
    <Filter Include="Resource Files">
      <UniqueIdentifier>{67DA6AB6-F800-4c08-8B7A-83BB121AAD01}</UniqueIdentifier>
      <Extensions>rc;ico;cur;bmp;dlg;rc2;rct;bin;rgs;gif;jpg;jpeg;jpe;resx;tiff;tif;png;wav;mfcribbon-ms</Extensions>
    </Filter>
    <Filter Include="Header Files\FSM">
      <UniqueIdentifier>{55634a6b-9b3f-4f46-9c5b-de5fbc947528}</UniqueIdentifier>
    </Filter>
    <Filter Include="Header Files\GameObjects">
      <UniqueIdentifier>{03ae6232-5d2f-4293-b758-d5cdcb57e83e}</UniqueIdentifier>
    </Filter>
    <Filter Include="Source Files\GameObjects">
      <UniqueIdentifier>{f4632e5b-19fe-4dcf-b39c-33323db68919}</UniqueIdentifier>
    </Filter>
    <Filter Include="Source Files\FSM">
      <UniqueIdentifier>{11a240d0-37c2-4aa1-86b9-70f6f7ecb39e}</UniqueIdentifier>
    </Filter>
    <Filter Include="Header Files\Debug">
      <UniqueIdentifier>{393b2dec-9a29-43b8-8dd9-ca068ea90f61}</UniqueIdentifier>
    </Filter>
    <Filter Include="Header Files\Utils">
      <UniqueIdentifier>{00e40516-3eec-47ac-884c-531e210a27e1}</UniqueIdentifier>
    </Filter>
    <Filter Include="Header Files\Animation">
      <UniqueIdentifier>{a2732bf7-eebd-42fd-b5a5-5c46878400d7}</UniqueIdentifier>
    </Filter>
    <Filter Include="Source Files\Animation">
      <UniqueIdentifier>{55610e2b-75a1-4c75-858f-41faf4aff3b8}</UniqueIdentifier>
    </Filter>
    <Filter Include="Source Files\Event">
      <UniqueIdentifier>{844e4d86-5a80-41fa-b007-f9623c1dae74}</UniqueIdentifier>
    </Filter>
    <Filter Include="Header Files\Events">
      <UniqueIdentifier>{65ce69ab-d9fb-4f2c-b50d-23ad68e65bdd}</UniqueIdentifier>
    </Filter>
    <Filter Include="Header Files\Tiles">
      <UniqueIdentifier>{1c1aee9a-7d41-44fd-9ab2-880ad1c1e5fe}</UniqueIdentifier>
    </Filter>
    <Filter Include="Source Files\Tiles">
      <UniqueIdentifier>{4a97a368-e5d6-47ea-9b8a-d8a8d867d67e}</UniqueIdentifier>
    </Filter>
    <Filter Include="Header Files\FSM_Enemy">
      <UniqueIdentifier>{51b14825-2054-4e63-bd6e-c369191cc2f7}</UniqueIdentifier>
    </Filter>
    <Filter Include="Source Files\FSM_Enemy">
      <UniqueIdentifier>{876e0301-9f34-4a95-9956-96dfc6094e1a}</UniqueIdentifier>
    </Filter>
    <Filter Include="Source Files\Collision">
      <UniqueIdentifier>{8956d067-3922-45d4-a750-71f6efd67d27}</UniqueIdentifier>
    </Filter>
    <Filter Include="Header Files\Collision">
      <UniqueIdentifier>{8d97a5dd-0d0c-4fad-9fff-fd065dda86bf}</UniqueIdentifier>
    </Filter>
    <Filter Include="Source Files\EndScreen">
      <UniqueIdentifier>{f63a24ca-19d7-4018-a809-95ab862f9d8f}</UniqueIdentifier>
    </Filter>
    <Filter Include="Header Files\EndScreen">
      <UniqueIdentifier>{43cf5732-fc5f-4999-b3e0-11a78b6effa0}</UniqueIdentifier>
    </Filter>
    <Filter Include="Header Files\Audio">
      <UniqueIdentifier>{99c93c61-bcbe-478f-a918-e5856512170a}</UniqueIdentifier>
    </Filter>
    <Filter Include="Source Files\Audio">
      <UniqueIdentifier>{22a6fcce-5905-496c-8d6b-1abe44b6b06a}</UniqueIdentifier>
    </Filter>
    <Filter Include="Header Files\Particle_Effects">
      <UniqueIdentifier>{752f260f-67c6-4fbd-9695-c9d4b72b2dbe}</UniqueIdentifier>
    </Filter>
    <Filter Include="Source Files\Particle_Effects">
      <UniqueIdentifier>{1524ec75-eff7-406f-8d80-cbe41f5dd7d7}</UniqueIdentifier>
    </Filter>
    <Filter Include="Header Files\Managers">
      <UniqueIdentifier>{b043497d-844d-4d80-a274-b2311f706a1b}</UniqueIdentifier>
    </Filter>
    <Filter Include="Source Files\Managers">
      <UniqueIdentifier>{72a010fd-a344-471d-bcd2-22260e1d797c}</UniqueIdentifier>
    </Filter>
  </ItemGroup>
  <ItemGroup>
    <ClInclude Include="PlayerState.h">
      <Filter>Header Files\FSM</Filter>
    </ClInclude>
    <ClInclude Include="Player.h">
      <Filter>Header Files\GameObjects</Filter>
    </ClInclude>
    <ClInclude Include="Debug.h">
      <Filter>Header Files\Debug</Filter>
    </ClInclude>
    <ClInclude Include="ClimbDownPlayerState.h">
      <Filter>Header Files\FSM</Filter>
    </ClInclude>
    <ClInclude Include="ClimbPausePlayerState.h">
      <Filter>Header Files\FSM</Filter>
    </ClInclude>
    <ClInclude Include="ClimbUpPlayerState.h">
      <Filter>Header Files\FSM</Filter>
    </ClInclude>
    <ClInclude Include="RunRightPlayerState.h">
      <Filter>Header Files\FSM</Filter>
    </ClInclude>
    <ClInclude Include="Defines.h">
      <Filter>Header Files\Utils</Filter>
    </ClInclude>
    <ClInclude Include="AnimatedSprite.h">
      <Filter>Header Files\Animation</Filter>
    </ClInclude>
    <ClInclude Include="AccendLadderPlayerState.h">
      <Filter>Header Files\FSM</Filter>
    </ClInclude>
    <ClInclude Include="DecendLadderPlayerState.h">
      <Filter>Header Files\FSM</Filter>
    </ClInclude>
    <ClInclude Include="Events.h">
      <Filter>Header Files\Events</Filter>
    </ClInclude>
    <ClInclude Include="AttackPlayerState.h">
      <Filter>Header Files\FSM</Filter>
    </ClInclude>
    <ClInclude Include="IdlePlayerState.h">
      <Filter>Header Files\FSM</Filter>
    </ClInclude>
    <ClInclude Include="JumpPlayerState.h">
      <Filter>Header Files\FSM</Filter>
    </ClInclude>
    <ClInclude Include="ThrowAttackPlayerState.h">
      <Filter>Header Files\FSM</Filter>
    </ClInclude>
    <ClInclude Include="SlidePlayerState.h">
      <Filter>Header Files\FSM</Filter>
    </ClInclude>
    <ClInclude Include="DiedPlayerState.h">
      <Filter>Header Files\FSM</Filter>
    </ClInclude>
    <ClInclude Include="RevivedPlayerState.h">
      <Filter>Header Files\FSM</Filter>
    </ClInclude>
    <ClInclude Include="GlidePlayerState.h">
      <Filter>Header Files\FSM</Filter>
    </ClInclude>
    <ClInclude Include="JumpThrowAttackPlayerState.h">
      <Filter>Header Files\FSM</Filter>
    </ClInclude>
    <ClInclude Include="JumpAttackPlayerState.h">
      <Filter>Header Files\FSM</Filter>
    </ClInclude>
    <ClInclude Include="Set1.h">
      <Filter>Header Files\Tiles</Filter>
    </ClInclude>
    <ClInclude Include="Tiles.h">
      <Filter>Header Files\Tiles</Filter>
    </ClInclude>
    <ClInclude Include="Enemy.h">
      <Filter>Header Files\GameObjects</Filter>
    </ClInclude>
    <ClInclude Include="EnemyState.h">
      <Filter>Header Files\FSM</Filter>
    </ClInclude>
    <ClInclude Include="IdleEnemyState.h">
      <Filter>Header Files\FSM_Enemy</Filter>
    </ClInclude>
    <ClInclude Include="AnimatedSpriteEnemy.h">
      <Filter>Header Files\Animation</Filter>
    </ClInclude>
    <ClInclude Include="circle.h">
      <Filter>Header Files\Collision</Filter>
    </ClInclude>
    <ClInclude Include="Rectangle.h">
      <Filter>Header Files\Collision</Filter>
    </ClInclude>
    <ClInclude Include="ThrowAttackEnemyState.h">
      <Filter>Header Files\FSM_Enemy</Filter>
    </ClInclude>
    <ClInclude Include="DiedEnemyState.h">
      <Filter>Header Files\FSM_Enemy</Filter>
    </ClInclude>
    <ClInclude Include="EndScreen.h">
      <Filter>Header Files\EndScreen</Filter>
    </ClInclude>
    <ClInclude Include="Audio.h">
      <Filter>Header Files\Audio</Filter>
    </ClInclude>
    <ClInclude Include="Blood.h">
      <Filter>Header Files\Particle_Effects</Filter>
    </ClInclude>
    <ClInclude Include="Medkit.h">
      <Filter>Header Files\GameObjects</Filter>
    </ClInclude>
    <ClInclude Include="ExtraKunais.h">
      <Filter>Header Files\GameObjects</Filter>
    </ClInclude>
    <ClInclude Include="Set2.h">
      <Filter>Header Files\Tiles</Filter>
    </ClInclude>
    <ClInclude Include="Set3.h">
      <Filter>Header Files\Tiles</Filter>
    </ClInclude>
    <ClInclude Include="Score.h">
      <Filter>Header Files\Managers</Filter>
    </ClInclude>
    <ClInclude Include="Set4.h">
      <Filter>Header Files\Tiles</Filter>
    </ClInclude>
    <ClInclude Include="Set5.h">
      <Filter>Header Files\Tiles</Filter>
    </ClInclude>
    <ClInclude Include="EnemyScore.h">
      <Filter>Header Files\Managers</Filter>
    </ClInclude>
    <ClInclude Include="Reward.h">
      <Filter>Header Files\Managers</Filter>
    </ClInclude>
    <ClInclude Include="Game.h">
      <Filter>Header Files</Filter>
    </ClInclude>
    <ClInclude Include="Light.h">
      <Filter>Header Files\Managers</Filter>
    </ClInclude>
  </ItemGroup>
  <ItemGroup>
    <ClCompile Include="Player.cpp">
      <Filter>Source Files\GameObjects</Filter>
    </ClCompile>
    <ClCompile Include="IdlePlayerState.cpp">
      <Filter>Source Files\FSM</Filter>
    </ClCompile>
    <ClCompile Include="main.cpp">
      <Filter>Source Files</Filter>
    </ClCompile>
    <ClCompile Include="RunRightPlayerState.cpp">
      <Filter>Source Files\FSM</Filter>
    </ClCompile>
    <ClCompile Include="ClimbUpPlayerState.cpp">
      <Filter>Source Files\FSM</Filter>
    </ClCompile>
    <ClCompile Include="ClimbPausePlayerState.cpp">
      <Filter>Source Files\FSM</Filter>
    </ClCompile>
    <ClCompile Include="ClimbDownPlayerState.cpp">
      <Filter>Source Files\FSM</Filter>
    </ClCompile>
    <ClCompile Include="AnimatedSprite.cpp">
      <Filter>Source Files\Animation</Filter>
    </ClCompile>
    <ClCompile Include="AccendLadderPlayerState.cpp">
      <Filter>Source Files\FSM</Filter>
    </ClCompile>
    <ClCompile Include="DecendLadderPlayerState.cpp">
      <Filter>Source Files\FSM</Filter>
    </ClCompile>
    <ClCompile Include="Events.cpp">
      <Filter>Source Files\Event</Filter>
    </ClCompile>
    <ClCompile Include="AttackPlayerState.cpp">
      <Filter>Source Files\FSM</Filter>
    </ClCompile>
    <ClCompile Include="JumpPlayerState.cpp">
      <Filter>Source Files\FSM</Filter>
    </ClCompile>
    <ClCompile Include="ThrowAttackPlayerState.cpp">
      <Filter>Source Files\FSM</Filter>
    </ClCompile>
    <ClCompile Include="SlidePlayerState.cpp">
      <Filter>Source Files\FSM</Filter>
    </ClCompile>
    <ClCompile Include="DiedPlayerState.cpp">
      <Filter>Source Files\FSM</Filter>
    </ClCompile>
    <ClCompile Include="RevivedPlayerState.cpp">
      <Filter>Source Files\FSM</Filter>
    </ClCompile>
    <ClCompile Include="GlidePlayerState.cpp">
      <Filter>Source Files\FSM</Filter>
    </ClCompile>
    <ClCompile Include="JumpAttackPlayerState.cpp">
      <Filter>Source Files\FSM</Filter>
    </ClCompile>
    <ClCompile Include="JumpThrowAttackPlayerState.cpp">
      <Filter>Source Files\FSM</Filter>
    </ClCompile>
    <ClCompile Include="Set1.cpp">
      <Filter>Source Files\Tiles</Filter>
    </ClCompile>
    <ClCompile Include="Enemy.cpp">
      <Filter>Source Files\GameObjects</Filter>
    </ClCompile>
    <ClCompile Include="IdleEnemyState.cpp">
      <Filter>Source Files\FSM_Enemy</Filter>
    </ClCompile>
    <ClCompile Include="AnimatedSpriteEnemy.cpp">
      <Filter>Source Files\Animation</Filter>
    </ClCompile>
    <ClCompile Include="circle.cpp">
      <Filter>Source Files\Collision</Filter>
    </ClCompile>
    <ClCompile Include="Rectangle.cpp">
      <Filter>Source Files\Collision</Filter>
    </ClCompile>
    <ClCompile Include="ThrowAttackEnemyState.cpp">
      <Filter>Source Files\FSM_Enemy</Filter>
    </ClCompile>
    <ClCompile Include="DiedEnemyState.cpp">
      <Filter>Source Files\FSM_Enemy</Filter>
    </ClCompile>
    <ClCompile Include="EndScreen.cpp">
      <Filter>Source Files\EndScreen</Filter>
    </ClCompile>
    <ClCompile Include="Audio.cpp">
      <Filter>Source Files\Audio</Filter>
    </ClCompile>
    <ClCompile Include="Blood.cpp">
      <Filter>Source Files\Particle_Effects</Filter>
    </ClCompile>
    <ClCompile Include="Medkit.cpp">
      <Filter>Source Files\GameObjects</Filter>
    </ClCompile>
    <ClCompile Include="ExtraKunais.cpp">
      <Filter>Source Files\GameObjects</Filter>
    </ClCompile>
    <ClCompile Include="Set2.cpp">
      <Filter>Source Files\Tiles</Filter>
    </ClCompile>
    <ClCompile Include="Set3.cpp">
      <Filter>Source Files\Tiles</Filter>
    </ClCompile>
    <ClCompile Include="Score.cpp">
      <Filter>Source Files\Managers</Filter>
    </ClCompile>
    <ClCompile Include="Set4.cpp">
      <Filter>Source Files\Tiles</Filter>
    </ClCompile>
    <ClCompile Include="Set5.cpp">
      <Filter>Source Files\Tiles</Filter>
    </ClCompile>
    <ClCompile Include="EnemyScore.cpp">
      <Filter>Source Files\Managers</Filter>
    </ClCompile>
    <ClCompile Include="Reward.cpp">
      <Filter>Source Files\Managers</Filter>
    </ClCompile>
    <ClCompile Include="Game.cpp">
      <Filter>Source Files</Filter>
    </ClCompile>
    <ClCompile Include="..\..\..\..\..\..\..\..\devtools\Candle\src\Color.cpp">
      <Filter>Source Files</Filter>
    </ClCompile>
    <ClCompile Include="..\..\..\..\..\..\..\..\devtools\Candle\src\Constants.cpp">
      <Filter>Source Files</Filter>
    </ClCompile>
    <ClCompile Include="..\..\..\..\..\..\..\..\devtools\Candle\src\DirectedLight.cpp">
      <Filter>Source Files</Filter>
    </ClCompile>
    <ClCompile Include="..\..\..\..\..\..\..\..\devtools\Candle\src\LightingArea.cpp">
      <Filter>Source Files</Filter>
    </ClCompile>
    <ClCompile Include="..\..\..\..\..\..\..\..\devtools\Candle\src\LightSource.cpp">
      <Filter>Source Files</Filter>
    </ClCompile>
    <ClCompile Include="..\..\..\..\..\..\..\..\devtools\Candle\src\Line.cpp">
      <Filter>Source Files</Filter>
    </ClCompile>
    <ClCompile Include="..\..\..\..\..\..\..\..\devtools\Candle\src\Polygon.cpp">
      <Filter>Source Files</Filter>
    </ClCompile>
    <ClCompile Include="..\..\..\..\..\..\..\..\devtools\Candle\src\RadialLight.cpp">
      <Filter>Source Files</Filter>
    </ClCompile>
    <ClCompile Include="..\..\..\..\..\..\..\..\devtools\Candle\src\VertexArray.cpp">
      <Filter>Source Files</Filter>
    </ClCompile>
    <ClCompile Include="Light.cpp">
      <Filter>Source Files\Managers</Filter>
    </ClCompile>
  </ItemGroup>
  <ItemGroup>
    <None Include="..\README.md" />
  </ItemGroup>
</Project>