<?xml version="1.0" encoding="utf-8"?>
<Project ToolsVersion="4.0" xmlns="http://schemas.microsoft.com/developer/msbuild/2003">
  <ItemGroup>
    <ClCompile Include="..\..\..\..\..\..\..\..\devtools\Candle\src\Color.cpp" />
    <ClCompile Include="..\..\..\..\..\..\..\..\devtools\Candle\src\Constants.cpp" />
    <ClCompile Include="..\..\..\..\..\..\..\..\devtools\Candle\src\DirectedLight.cpp" />
    <ClCompile Include="..\..\..\..\..\..\..\..\devtools\Candle\src\LightingArea.cpp" />
    <ClCompile Include="..\..\..\..\..\..\..\..\devtools\Candle\src\LightSource.cpp" />
    <ClCompile Include="..\..\..\..\..\..\..\..\devtools\Candle\src\Line.cpp" />
    <ClCompile Include="..\..\..\..\..\..\..\..\devtools\Candle\src\Polygon.cpp" />
    <ClCompile Include="..\..\..\..\..\..\..\..\devtools\Candle\src\RadialLight.cpp" />
    <ClCompile Include="..\..\..\..\..\..\..\..\devtools\Candle\src\VertexArray.cpp" />
    <ClCompile Include="AnimatedSprite.cpp" />
    <ClCompile Include="AnimatedSpriteEnemy.cpp" />
    <ClCompile Include="AttackPlayerState.cpp" />
    <ClCompile Include="Audio.cpp" />
    <ClCompile Include="circle.cpp" />
    <ClCompile Include="ClimbDownPlayerState.cpp" />
    <ClCompile Include="AccendLadderPlayerState.cpp" />
    <ClCompile Include="ClimbPausePlayerState.cpp" />
    <ClCompile Include="ClimbUpPlayerState.cpp" />
    <ClCompile Include="DecendLadderPlayerState.cpp" />
    <ClCompile Include="DiedEnemyState.cpp" />
    <ClCompile Include="DiedPlayerState.cpp" />
    <ClCompile Include="DoubleKill.cpp" />
    <ClCompile Include="EndScreen.cpp" />
    <ClCompile Include="Enemy.cpp" />
    <ClCompile Include="EnemyScore.cpp" />
    <ClCompile Include="Events.cpp" />
    <ClCompile Include="ExtraKunais.cpp" />
    <ClCompile Include="Game.cpp" />
    <ClCompile Include="GlidePlayerState.cpp" />
    <ClCompile Include="IdleEnemyState.cpp" />
    <ClCompile Include="JumpAttackPlayerState.cpp" />
    <ClCompile Include="JumpPlayerState.cpp" />
    <ClCompile Include="JumpThrowAttackPlayerState.cpp" />
    <ClCompile Include="Blood.cpp" />
    <ClCompile Include="Light.cpp" />
    <ClCompile Include="Medkit.cpp" />
    <ClCompile Include="Player.cpp" />
    <ClCompile Include="main.cpp" />
    <ClCompile Include="IdlePlayerState.cpp" />
    <ClCompile Include="Rectangle.cpp" />
    <ClCompile Include="RevivedPlayerState.cpp" />
    <ClCompile Include="RunRightPlayerState.cpp" />
    <ClCompile Include="Score.cpp" />
    <ClCompile Include="Set1.cpp" />
    <ClCompile Include="Set2.cpp" />
    <ClCompile Include="Set3.cpp" />
    <ClCompile Include="Set4.cpp" />
    <ClCompile Include="Set5.cpp" />
    <ClCompile Include="SlidePlayerState.cpp" />
    <ClCompile Include="ThrowAttackEnemyState.cpp" />
    <ClCompile Include="ThrowAttackPlayerState.cpp" />
  </ItemGroup>
  <ItemGroup>
    <ClInclude Include="AnimatedSprite.h" />
    <ClInclude Include="AnimatedSpriteEnemy.h" />
    <ClInclude Include="AttackPlayerState.h" />
    <ClInclude Include="Audio.h" />
    <ClInclude Include="circle.h" />
    <ClInclude Include="ClimbDownPlayerState.h" />
    <ClInclude Include="AccendLadderPlayerState.h" />
    <ClInclude Include="ClimbPausePlayerState.h" />
    <ClInclude Include="ClimbUpPlayerState.h" />
    <ClInclude Include="Debug.h" />
    <ClInclude Include="DecendLadderPlayerState.h" />
    <ClInclude Include="Defines.h" />
    <ClInclude Include="DiedEnemyState.h" />
    <ClInclude Include="DiedPlayerState.h" />
    <ClInclude Include="DoubleKill.h" />
    <ClInclude Include="EndScreen.h" />
    <ClInclude Include="Enemy.h" />
    <ClInclude Include="EnemyScore.h" />
    <ClInclude Include="EnemyState.h" />
    <ClInclude Include="ExtraKunais.h" />
    <ClInclude Include="Game.h" />
    <ClInclude Include="GlidePlayerState.h" />
    <ClInclude Include="IdleEnemyState.h" />
    <ClInclude Include="IdlePlayerState.h" />
    <ClInclude Include="Events.h" />
    <ClInclude Include="JumpAttackPlayerState.h" />
    <ClInclude Include="JumpPlayerState.h" />
    <ClInclude Include="JumpThrowAttackPlayerState.h" />
    <ClInclude Include="Blood.h" />
    <ClInclude Include="Light.h" />
    <ClInclude Include="Medkit.h" />
    <ClInclude Include="Player.h" />
    <ClInclude Include="PlayerState.h" />
    <ClInclude Include="Rectangle.h" />
    <ClInclude Include="RevivedPlayerState.h" />
    <ClInclude Include="RunRightPlayerState.h" />
    <ClInclude Include="Score.h" />
    <ClInclude Include="Set1.h" />
    <ClInclude Include="Set2.h" />
    <ClInclude Include="Set3.h" />
    <ClInclude Include="Set4.h" />
    <ClInclude Include="Set5.h" />
    <ClInclude Include="SlidePlayerState.h" />
    <ClInclude Include="ThrowAttackEnemyState.h" />
    <ClInclude Include="ThrowAttackPlayerState.h" />
    <ClInclude Include="Tiles.h" />
  </ItemGroup>
  <ItemGroup>
    <None Include="..\README.md" />
  </ItemGroup>
</Project>